<?xml version="1.0" encoding="utf-8"?>
<Project ToolsVersion="4.0" xmlns="http://schemas.microsoft.com/developer/msbuild/2003">
  <ItemGroup>
    <Filter Include="源文件">
      <UniqueIdentifier>{4FC737F1-C7A5-4376-A066-2A32D752A2FF}</UniqueIdentifier>
      <Extensions>cpp;c;cc;cxx;def;odl;idl;hpj;bat;asm;asmx</Extensions>
    </Filter>
    <Filter Include="头文件">
      <UniqueIdentifier>{93995380-89BD-4b04-88EB-625FBE52EBFB}</UniqueIdentifier>
      <Extensions>h;hh;hpp;hxx;hm;inl;inc;ipp;xsd</Extensions>
    </Filter>
    <Filter Include="资源文件">
      <UniqueIdentifier>{67DA6AB6-F800-4c08-8B7A-83BB121AAD01}</UniqueIdentifier>
      <Extensions>rc;ico;cur;bmp;dlg;rc2;rct;bin;rgs;gif;jpg;jpeg;jpe;resx;tiff;tif;png;wav;mfcribbon-ms</Extensions>
    </Filter>
    <Filter Include="头文件\stable">
      <UniqueIdentifier>{d9542e18-06e4-435b-bcb1-a2b1d524016c}</UniqueIdentifier>
    </Filter>
    <Filter Include="头文件\Live2D">
      <UniqueIdentifier>{c33cbc17-81df-4033-9589-b19754d49396}</UniqueIdentifier>
    </Filter>
    <Filter Include="源文件\Live2D">
      <UniqueIdentifier>{0a1fb952-5ac0-4474-9025-b2fd8f2d7ada}</UniqueIdentifier>
    </Filter>
  </ItemGroup>
  <ItemGroup>
    <ClInclude Include="MaidCat.h">
      <Filter>头文件</Filter>
    </ClInclude>
    <ClInclude Include="Character.h">
      <Filter>头文件\stable</Filter>
    </ClInclude>
    <ClInclude Include="DesktopPet.h">
      <Filter>头文件\stable</Filter>
    </ClInclude>
    <ClInclude Include="header.h">
      <Filter>头文件\stable</Filter>
    </ClInclude>
    <ClInclude Include="logger.h">
      <Filter>头文件\stable</Filter>
    </ClInclude>
    <ClInclude Include="RightMenu.h">
      <Filter>头文件\stable</Filter>
    </ClInclude>
    <ClInclude Include="targetver.h">
      <Filter>头文件\stable</Filter>
    </ClInclude>
    <ClInclude Include="Wnd.h">
      <Filter>头文件\stable</Filter>
    </ClInclude>
    <ClInclude Include="resource.h">
      <Filter>头文件\stable</Filter>
    </ClInclude>
    <ClInclude Include="MaidCatLive2D.h">
      <Filter>头文件</Filter>
    </ClInclude>
    <ClInclude Include="Live2d\LAppAllocator.hpp">
      <Filter>头文件\Live2D</Filter>
    </ClInclude>
    <ClInclude Include="Live2d\LAppDefine.hpp">
      <Filter>头文件\Live2D</Filter>
    </ClInclude>
    <ClInclude Include="Live2d\LAppDelegate.hpp">
      <Filter>头文件\Live2D</Filter>
    </ClInclude>
    <ClInclude Include="Live2d\LAppLive2DManager.hpp">
      <Filter>头文件\Live2D</Filter>
    </ClInclude>
    <ClInclude Include="Live2d\LAppModel.hpp">
      <Filter>头文件\Live2D</Filter>
    </ClInclude>
    <ClInclude Include="Live2d\LAppPal.hpp">
      <Filter>头文件\Live2D</Filter>
    </ClInclude>
    <ClInclude Include="Live2d\LAppSprite.hpp">
      <Filter>头文件\Live2D</Filter>
    </ClInclude>
    <ClInclude Include="Live2d\LAppTextureManager.hpp">
      <Filter>头文件\Live2D</Filter>
    </ClInclude>
    <ClInclude Include="Live2d\LAppView.hpp">
      <Filter>头文件\Live2D</Filter>
    </ClInclude>
    <ClInclude Include="Live2d\LAppWavFileHandler.hpp">
      <Filter>头文件\Live2D</Filter>
    </ClInclude>
    <ClInclude Include="Live2d\TouchManager.hpp">
      <Filter>头文件\Live2D</Filter>
    </ClInclude>
  </ItemGroup>
  <ItemGroup>
    <ResourceCompile Include="DesktopPet.rc">
      <Filter>资源文件</Filter>
    </ResourceCompile>
  </ItemGroup>
  <ItemGroup>
    <Image Include="small.ico">
      <Filter>资源文件</Filter>
    </Image>
    <Image Include="DesktopPet.ico">
      <Filter>资源文件</Filter>
    </Image>
  </ItemGroup>
  <ItemGroup>
    <ClCompile Include="main.cpp">
      <Filter>源文件</Filter>
    </ClCompile>
    <ClCompile Include="Wnd.cpp">
      <Filter>源文件</Filter>
    </ClCompile>
    <ClCompile Include="RightMenu.cpp">
      <Filter>源文件</Filter>
    </ClCompile>
    <ClCompile Include="MaidCat.cpp">
      <Filter>源文件</Filter>
    </ClCompile>
    <ClCompile Include="MaidCatLive2D.cpp">
      <Filter>源文件</Filter>
    </ClCompile>
    <ClCompile Include="Live2d\LAppAllocator.cpp">
      <Filter>源文件\Live2D</Filter>
    </ClCompile>
    <ClCompile Include="Live2d\LAppDefine.cpp">
      <Filter>源文件\Live2D</Filter>
    </ClCompile>
    <ClCompile Include="Live2d\LAppDelegate.cpp">
      <Filter>源文件\Live2D</Filter>
    </ClCompile>
    <ClCompile Include="Live2d\LAppLive2DManager.cpp">
      <Filter>源文件\Live2D</Filter>
    </ClCompile>
    <ClCompile Include="Live2d\LAppModel.cpp">
      <Filter>源文件\Live2D</Filter>
    </ClCompile>
    <ClCompile Include="Live2d\LAppPal.cpp">
      <Filter>源文件\Live2D</Filter>
    </ClCompile>
    <ClCompile Include="Live2d\LAppSprite.cpp">
      <Filter>源文件\Live2D</Filter>
    </ClCompile>
    <ClCompile Include="Live2d\LAppTextureManager.cpp">
      <Filter>源文件\Live2D</Filter>
    </ClCompile>
    <ClCompile Include="Live2d\LAppView.cpp">
      <Filter>源文件\Live2D</Filter>
    </ClCompile>
    <ClCompile Include="Live2d\LAppWavFileHandler.cpp">
      <Filter>源文件\Live2D</Filter>
    </ClCompile>
    <ClCompile Include="Live2d\TouchManager.cpp">
      <Filter>源文件\Live2D</Filter>
    </ClCompile>
  </ItemGroup>
</Project>